// !$*UTF8*$!
{
	archiveVersion = 1;
	classes = {
	};
	objectVersion = 51;
	objects = {

/* Begin PBXBuildFile section */
		0E3A8425E86B1ECC796FC892 /* Pods_iTag.framework in Frameworks */ = {isa = PBXBuildFile; fileRef = 5FB2441DBC720659383CEA49 /* Pods_iTag.framework */; };
		1806865F243E550A00EEE330 /* AppDelegate.swift in Sources */ = {isa = PBXBuildFile; fileRef = 1806865E243E550A00EEE330 /* AppDelegate.swift */; };
		18068663243E550A00EEE330 /* Experience.rcproject in Sources */ = {isa = PBXBuildFile; fileRef = 18068662243E550A00EEE330 /* Experience.rcproject */; };
		18068666243E550A00EEE330 /* Main.storyboard in Resources */ = {isa = PBXBuildFile; fileRef = 18068664243E550A00EEE330 /* Main.storyboard */; };
		18068668243E550C00EEE330 /* Assets.xcassets in Resources */ = {isa = PBXBuildFile; fileRef = 18068667243E550C00EEE330 /* Assets.xcassets */; };
		1806866B243E550C00EEE330 /* LaunchScreen.storyboard in Resources */ = {isa = PBXBuildFile; fileRef = 18068669243E550C00EEE330 /* LaunchScreen.storyboard */; };
		18068676243E550C00EEE330 /* iTagTests.swift in Sources */ = {isa = PBXBuildFile; fileRef = 18068675243E550C00EEE330 /* iTagTests.swift */; };
		18068681243E550C00EEE330 /* iTagUITests.swift in Sources */ = {isa = PBXBuildFile; fileRef = 18068680243E550C00EEE330 /* iTagUITests.swift */; };
		18068693243E88CE00EEE330 /* LoginViewController.swift in Sources */ = {isa = PBXBuildFile; fileRef = 18068692243E88CE00EEE330 /* LoginViewController.swift */; };
		18068695243E88D700EEE330 /* FeedViewController.swift in Sources */ = {isa = PBXBuildFile; fileRef = 18068694243E88D700EEE330 /* FeedViewController.swift */; };
		1874B2492442ABED0085D0FB /* MapViewController.swift in Sources */ = {isa = PBXBuildFile; fileRef = 1874B2482442ABED0085D0FB /* MapViewController.swift */; };
		1B086388246501F000D1FCD8 /* character in Resources */ = {isa = PBXBuildFile; fileRef = 1B086387246501F000D1FCD8 /* character */; };
		1B08638E246503CB00D1FCD8 /* Utilities.swift in Sources */ = {isa = PBXBuildFile; fileRef = 1B08638D246503CB00D1FCD8 /* Utilities.swift */; };
		1B086390246503DD00D1FCD8 /* ArViewController.swift in Sources */ = {isa = PBXBuildFile; fileRef = 1B08638F246503DD00D1FCD8 /* ArViewController.swift */; };
		1B086392246503F500D1FCD8 /* MessageLabel.swift in Sources */ = {isa = PBXBuildFile; fileRef = 1B086391246503F500D1FCD8 /* MessageLabel.swift */; };
		354D339F8922E1BAF98BE671 /* Pods_iTagTests.framework in Frameworks */ = {isa = PBXBuildFile; fileRef = A327FCF175A550B8EDEF4849 /* Pods_iTagTests.framework */; };
		4C8BFD7096F0ACB7ADB480DF /* Pods_iTag_iTagUITests.framework in Frameworks */ = {isa = PBXBuildFile; fileRef = CF8469204664BEA23DEF93AD /* Pods_iTag_iTagUITests.framework */; };
/* End PBXBuildFile section */

/* Begin PBXContainerItemProxy section */
		18068672243E550C00EEE330 /* PBXContainerItemProxy */ = {
			isa = PBXContainerItemProxy;
			containerPortal = 18068653243E550A00EEE330 /* Project object */;
			proxyType = 1;
			remoteGlobalIDString = 1806865A243E550A00EEE330;
			remoteInfo = iTag;
		};
		1806867D243E550C00EEE330 /* PBXContainerItemProxy */ = {
			isa = PBXContainerItemProxy;
			containerPortal = 18068653243E550A00EEE330 /* Project object */;
			proxyType = 1;
			remoteGlobalIDString = 1806865A243E550A00EEE330;
			remoteInfo = iTag;
		};
/* End PBXContainerItemProxy section */

/* Begin PBXFileReference section */
		04285DC368C8E75A3F761B5F /* Pods-iTag.release.xcconfig */ = {isa = PBXFileReference; includeInIndex = 1; lastKnownFileType = text.xcconfig; name = "Pods-iTag.release.xcconfig"; path = "Target Support Files/Pods-iTag/Pods-iTag.release.xcconfig"; sourceTree = "<group>"; };
		1806865B243E550A00EEE330 /* iTag.app */ = {isa = PBXFileReference; explicitFileType = wrapper.application; includeInIndex = 0; path = iTag.app; sourceTree = BUILT_PRODUCTS_DIR; };
		1806865E243E550A00EEE330 /* AppDelegate.swift */ = {isa = PBXFileReference; lastKnownFileType = sourcecode.swift; path = AppDelegate.swift; sourceTree = "<group>"; };
		18068662243E550A00EEE330 /* Experience.rcproject */ = {isa = PBXFileReference; lastKnownFileType = file.rcproject; path = Experience.rcproject; sourceTree = "<group>"; };
		18068665243E550A00EEE330 /* Base */ = {isa = PBXFileReference; lastKnownFileType = file.storyboard; name = Base; path = Base.lproj/Main.storyboard; sourceTree = "<group>"; };
		18068667243E550C00EEE330 /* Assets.xcassets */ = {isa = PBXFileReference; lastKnownFileType = folder.assetcatalog; path = Assets.xcassets; sourceTree = "<group>"; };
		1806866A243E550C00EEE330 /* Base */ = {isa = PBXFileReference; lastKnownFileType = file.storyboard; name = Base; path = Base.lproj/LaunchScreen.storyboard; sourceTree = "<group>"; };
		1806866C243E550C00EEE330 /* Info.plist */ = {isa = PBXFileReference; lastKnownFileType = text.plist.xml; path = Info.plist; sourceTree = "<group>"; };
		18068671243E550C00EEE330 /* iTagTests.xctest */ = {isa = PBXFileReference; explicitFileType = wrapper.cfbundle; includeInIndex = 0; path = iTagTests.xctest; sourceTree = BUILT_PRODUCTS_DIR; };
		18068675243E550C00EEE330 /* iTagTests.swift */ = {isa = PBXFileReference; lastKnownFileType = sourcecode.swift; path = iTagTests.swift; sourceTree = "<group>"; };
		18068677243E550C00EEE330 /* Info.plist */ = {isa = PBXFileReference; lastKnownFileType = text.plist.xml; path = Info.plist; sourceTree = "<group>"; };
		1806867C243E550C00EEE330 /* iTagUITests.xctest */ = {isa = PBXFileReference; explicitFileType = wrapper.cfbundle; includeInIndex = 0; path = iTagUITests.xctest; sourceTree = BUILT_PRODUCTS_DIR; };
		18068680243E550C00EEE330 /* iTagUITests.swift */ = {isa = PBXFileReference; lastKnownFileType = sourcecode.swift; path = iTagUITests.swift; sourceTree = "<group>"; };
		18068682243E550C00EEE330 /* Info.plist */ = {isa = PBXFileReference; lastKnownFileType = text.plist.xml; path = Info.plist; sourceTree = "<group>"; };
		18068692243E88CE00EEE330 /* LoginViewController.swift */ = {isa = PBXFileReference; lastKnownFileType = sourcecode.swift; path = LoginViewController.swift; sourceTree = "<group>"; };
		18068694243E88D700EEE330 /* FeedViewController.swift */ = {isa = PBXFileReference; lastKnownFileType = sourcecode.swift; path = FeedViewController.swift; sourceTree = "<group>"; };
		1874B2482442ABED0085D0FB /* MapViewController.swift */ = {isa = PBXFileReference; lastKnownFileType = sourcecode.swift; path = MapViewController.swift; sourceTree = "<group>"; };
		1B086387246501F000D1FCD8 /* character */ = {isa = PBXFileReference; lastKnownFileType = folder; path = character; sourceTree = "<group>"; };
		1B08638D246503CB00D1FCD8 /* Utilities.swift */ = {isa = PBXFileReference; lastKnownFileType = sourcecode.swift; path = Utilities.swift; sourceTree = "<group>"; };
		1B08638F246503DD00D1FCD8 /* ArViewController.swift */ = {isa = PBXFileReference; lastKnownFileType = sourcecode.swift; path = ArViewController.swift; sourceTree = "<group>"; };
		1B086391246503F500D1FCD8 /* MessageLabel.swift */ = {isa = PBXFileReference; lastKnownFileType = sourcecode.swift; path = MessageLabel.swift; sourceTree = "<group>"; };
		5FB2441DBC720659383CEA49 /* Pods_iTag.framework */ = {isa = PBXFileReference; explicitFileType = wrapper.framework; includeInIndex = 0; path = Pods_iTag.framework; sourceTree = BUILT_PRODUCTS_DIR; };
		66D9418D41C4A685F3CF7350 /* Pods-iTagTests.release.xcconfig */ = {isa = PBXFileReference; includeInIndex = 1; lastKnownFileType = text.xcconfig; name = "Pods-iTagTests.release.xcconfig"; path = "Target Support Files/Pods-iTagTests/Pods-iTagTests.release.xcconfig"; sourceTree = "<group>"; };
		96B0F16EB3C47EF78484A136 /* Pods-iTagTests.debug.xcconfig */ = {isa = PBXFileReference; includeInIndex = 1; lastKnownFileType = text.xcconfig; name = "Pods-iTagTests.debug.xcconfig"; path = "Target Support Files/Pods-iTagTests/Pods-iTagTests.debug.xcconfig"; sourceTree = "<group>"; };
		A327FCF175A550B8EDEF4849 /* Pods_iTagTests.framework */ = {isa = PBXFileReference; explicitFileType = wrapper.framework; includeInIndex = 0; path = Pods_iTagTests.framework; sourceTree = BUILT_PRODUCTS_DIR; };
		BBA9A5733FF8AC9B6D76BC47 /* Pods-iTag-iTagUITests.release.xcconfig */ = {isa = PBXFileReference; includeInIndex = 1; lastKnownFileType = text.xcconfig; name = "Pods-iTag-iTagUITests.release.xcconfig"; path = "Target Support Files/Pods-iTag-iTagUITests/Pods-iTag-iTagUITests.release.xcconfig"; sourceTree = "<group>"; };
		C4CD54787F4F8D67D1501DCA /* Pods-iTag.debug.xcconfig */ = {isa = PBXFileReference; includeInIndex = 1; lastKnownFileType = text.xcconfig; name = "Pods-iTag.debug.xcconfig"; path = "Target Support Files/Pods-iTag/Pods-iTag.debug.xcconfig"; sourceTree = "<group>"; };
		CF8469204664BEA23DEF93AD /* Pods_iTag_iTagUITests.framework */ = {isa = PBXFileReference; explicitFileType = wrapper.framework; includeInIndex = 0; path = Pods_iTag_iTagUITests.framework; sourceTree = BUILT_PRODUCTS_DIR; };
		F1E6F9A6D8F691E88E0ABDF3 /* Pods-iTag-iTagUITests.debug.xcconfig */ = {isa = PBXFileReference; includeInIndex = 1; lastKnownFileType = text.xcconfig; name = "Pods-iTag-iTagUITests.debug.xcconfig"; path = "Target Support Files/Pods-iTag-iTagUITests/Pods-iTag-iTagUITests.debug.xcconfig"; sourceTree = "<group>"; };
/* End PBXFileReference section */

/* Begin PBXFrameworksBuildPhase section */
		18068658243E550A00EEE330 /* Frameworks */ = {
			isa = PBXFrameworksBuildPhase;
			buildActionMask = 2147483647;
			files = (
				0E3A8425E86B1ECC796FC892 /* Pods_iTag.framework in Frameworks */,
			);
			runOnlyForDeploymentPostprocessing = 0;
		};
		1806866E243E550C00EEE330 /* Frameworks */ = {
			isa = PBXFrameworksBuildPhase;
			buildActionMask = 2147483647;
			files = (
				354D339F8922E1BAF98BE671 /* Pods_iTagTests.framework in Frameworks */,
			);
			runOnlyForDeploymentPostprocessing = 0;
		};
		18068679243E550C00EEE330 /* Frameworks */ = {
			isa = PBXFrameworksBuildPhase;
			buildActionMask = 2147483647;
			files = (
				4C8BFD7096F0ACB7ADB480DF /* Pods_iTag_iTagUITests.framework in Frameworks */,
			);
			runOnlyForDeploymentPostprocessing = 0;
		};
/* End PBXFrameworksBuildPhase section */

/* Begin PBXGroup section */
		18068652243E550A00EEE330 = {
			isa = PBXGroup;
			children = (
				1806865D243E550A00EEE330 /* iTag */,
				18068674243E550C00EEE330 /* iTagTests */,
				1806867F243E550C00EEE330 /* iTagUITests */,
				1806865C243E550A00EEE330 /* Products */,
				95707FD2D29DD082DB77EAE7 /* Pods */,
				6B9A6AA6CB173C3789E3E8CF /* Frameworks */,
			);
			sourceTree = "<group>";
		};
		1806865C243E550A00EEE330 /* Products */ = {
			isa = PBXGroup;
			children = (
				1806865B243E550A00EEE330 /* iTag.app */,
				18068671243E550C00EEE330 /* iTagTests.xctest */,
				1806867C243E550C00EEE330 /* iTagUITests.xctest */,
			);
			name = Products;
			sourceTree = "<group>";
		};
		1806865D243E550A00EEE330 /* iTag */ = {
			isa = PBXGroup;
			children = (
				1B086387246501F000D1FCD8 /* character */,
				1806865E243E550A00EEE330 /* AppDelegate.swift */,
				18068662243E550A00EEE330 /* Experience.rcproject */,
				18068664243E550A00EEE330 /* Main.storyboard */,
				18068667243E550C00EEE330 /* Assets.xcassets */,
				18068669243E550C00EEE330 /* LaunchScreen.storyboard */,
				1806866C243E550C00EEE330 /* Info.plist */,
				18068692243E88CE00EEE330 /* LoginViewController.swift */,
				18068694243E88D700EEE330 /* FeedViewController.swift */,
				1874B2482442ABED0085D0FB /* MapViewController.swift */,
				1B086391246503F500D1FCD8 /* MessageLabel.swift */,
				1B08638D246503CB00D1FCD8 /* Utilities.swift */,
				1B08638F246503DD00D1FCD8 /* ArViewController.swift */,
			);
			path = iTag;
			sourceTree = "<group>";
		};
		18068674243E550C00EEE330 /* iTagTests */ = {
			isa = PBXGroup;
			children = (
				18068675243E550C00EEE330 /* iTagTests.swift */,
				18068677243E550C00EEE330 /* Info.plist */,
			);
			path = iTagTests;
			sourceTree = "<group>";
		};
		1806867F243E550C00EEE330 /* iTagUITests */ = {
			isa = PBXGroup;
			children = (
				18068680243E550C00EEE330 /* iTagUITests.swift */,
				18068682243E550C00EEE330 /* Info.plist */,
			);
			path = iTagUITests;
			sourceTree = "<group>";
		};
		6B9A6AA6CB173C3789E3E8CF /* Frameworks */ = {
			isa = PBXGroup;
			children = (
				5FB2441DBC720659383CEA49 /* Pods_iTag.framework */,
				CF8469204664BEA23DEF93AD /* Pods_iTag_iTagUITests.framework */,
				A327FCF175A550B8EDEF4849 /* Pods_iTagTests.framework */,
			);
			name = Frameworks;
			sourceTree = "<group>";
		};
		95707FD2D29DD082DB77EAE7 /* Pods */ = {
			isa = PBXGroup;
			children = (
				C4CD54787F4F8D67D1501DCA /* Pods-iTag.debug.xcconfig */,
				04285DC368C8E75A3F761B5F /* Pods-iTag.release.xcconfig */,
				F1E6F9A6D8F691E88E0ABDF3 /* Pods-iTag-iTagUITests.debug.xcconfig */,
				BBA9A5733FF8AC9B6D76BC47 /* Pods-iTag-iTagUITests.release.xcconfig */,
				96B0F16EB3C47EF78484A136 /* Pods-iTagTests.debug.xcconfig */,
				66D9418D41C4A685F3CF7350 /* Pods-iTagTests.release.xcconfig */,
			);
			path = Pods;
			sourceTree = "<group>";
		};
/* End PBXGroup section */

/* Begin PBXNativeTarget section */
		1806865A243E550A00EEE330 /* iTag */ = {
			isa = PBXNativeTarget;
			buildConfigurationList = 18068685243E550C00EEE330 /* Build configuration list for PBXNativeTarget "iTag" */;
			buildPhases = (
				A23F04E0E63468A9BEC88073 /* [CP] Check Pods Manifest.lock */,
				18068657243E550A00EEE330 /* Sources */,
				18068658243E550A00EEE330 /* Frameworks */,
				18068659243E550A00EEE330 /* Resources */,
				A34989F054988175FD640124 /* [CP] Embed Pods Frameworks */,
			);
			buildRules = (
			);
			dependencies = (
			);
			name = iTag;
			productName = iTag;
			productReference = 1806865B243E550A00EEE330 /* iTag.app */;
			productType = "com.apple.product-type.application";
		};
		18068670243E550C00EEE330 /* iTagTests */ = {
			isa = PBXNativeTarget;
			buildConfigurationList = 18068688243E550C00EEE330 /* Build configuration list for PBXNativeTarget "iTagTests" */;
			buildPhases = (
				BB5D5EC4D83445DE5F0E98FB /* [CP] Check Pods Manifest.lock */,
				1806866D243E550C00EEE330 /* Sources */,
				1806866E243E550C00EEE330 /* Frameworks */,
				1806866F243E550C00EEE330 /* Resources */,
			);
			buildRules = (
			);
			dependencies = (
				18068673243E550C00EEE330 /* PBXTargetDependency */,
			);
			name = iTagTests;
			productName = iTagTests;
			productReference = 18068671243E550C00EEE330 /* iTagTests.xctest */;
			productType = "com.apple.product-type.bundle.unit-test";
		};
		1806867B243E550C00EEE330 /* iTagUITests */ = {
			isa = PBXNativeTarget;
			buildConfigurationList = 1806868B243E550C00EEE330 /* Build configuration list for PBXNativeTarget "iTagUITests" */;
			buildPhases = (
				6B48C8A107F89F82AD821E33 /* [CP] Check Pods Manifest.lock */,
				18068678243E550C00EEE330 /* Sources */,
				18068679243E550C00EEE330 /* Frameworks */,
				1806867A243E550C00EEE330 /* Resources */,
				D0BDF6769D2CB050B96018D4 /* [CP] Embed Pods Frameworks */,
			);
			buildRules = (
			);
			dependencies = (
				1806867E243E550C00EEE330 /* PBXTargetDependency */,
			);
			name = iTagUITests;
			productName = iTagUITests;
			productReference = 1806867C243E550C00EEE330 /* iTagUITests.xctest */;
			productType = "com.apple.product-type.bundle.ui-testing";
		};
/* End PBXNativeTarget section */

/* Begin PBXProject section */
		18068653243E550A00EEE330 /* Project object */ = {
			isa = PBXProject;
			attributes = {
				LastSwiftUpdateCheck = 1130;
				LastUpgradeCheck = 1130;
				ORGANIZATIONNAME = apple;
				TargetAttributes = {
					1806865A243E550A00EEE330 = {
						CreatedOnToolsVersion = 11.3.1;
					};
					18068670243E550C00EEE330 = {
						CreatedOnToolsVersion = 11.3.1;
						TestTargetID = 1806865A243E550A00EEE330;
					};
					1806867B243E550C00EEE330 = {
						CreatedOnToolsVersion = 11.3.1;
						TestTargetID = 1806865A243E550A00EEE330;
					};
				};
			};
			buildConfigurationList = 18068656243E550A00EEE330 /* Build configuration list for PBXProject "iTag" */;
			compatibilityVersion = "Xcode 9.3";
			developmentRegion = en;
			hasScannedForEncodings = 0;
			knownRegions = (
				en,
				Base,
			);
			mainGroup = 18068652243E550A00EEE330;
			productRefGroup = 1806865C243E550A00EEE330 /* Products */;
			projectDirPath = "";
			projectRoot = "";
			targets = (
				1806865A243E550A00EEE330 /* iTag */,
				18068670243E550C00EEE330 /* iTagTests */,
				1806867B243E550C00EEE330 /* iTagUITests */,
			);
		};
/* End PBXProject section */

/* Begin PBXResourcesBuildPhase section */
		18068659243E550A00EEE330 /* Resources */ = {
			isa = PBXResourcesBuildPhase;
			buildActionMask = 2147483647;
			files = (
				1806866B243E550C00EEE330 /* LaunchScreen.storyboard in Resources */,
				18068668243E550C00EEE330 /* Assets.xcassets in Resources */,
				1B086388246501F000D1FCD8 /* character in Resources */,
				18068666243E550A00EEE330 /* Main.storyboard in Resources */,
			);
			runOnlyForDeploymentPostprocessing = 0;
		};
		1806866F243E550C00EEE330 /* Resources */ = {
			isa = PBXResourcesBuildPhase;
			buildActionMask = 2147483647;
			files = (
			);
			runOnlyForDeploymentPostprocessing = 0;
		};
		1806867A243E550C00EEE330 /* Resources */ = {
			isa = PBXResourcesBuildPhase;
			buildActionMask = 2147483647;
			files = (
			);
			runOnlyForDeploymentPostprocessing = 0;
		};
/* End PBXResourcesBuildPhase section */

/* Begin PBXShellScriptBuildPhase section */
		6B48C8A107F89F82AD821E33 /* [CP] Check Pods Manifest.lock */ = {
			isa = PBXShellScriptBuildPhase;
			buildActionMask = 2147483647;
			files = (
			);
			inputFileListPaths = (
			);
			inputPaths = (
				"${PODS_PODFILE_DIR_PATH}/Podfile.lock",
				"${PODS_ROOT}/Manifest.lock",
			);
			name = "[CP] Check Pods Manifest.lock";
			outputFileListPaths = (
			);
			outputPaths = (
				"$(DERIVED_FILE_DIR)/Pods-iTag-iTagUITests-checkManifestLockResult.txt",
			);
			runOnlyForDeploymentPostprocessing = 0;
			shellPath = /bin/sh;
			shellScript = "diff \"${PODS_PODFILE_DIR_PATH}/Podfile.lock\" \"${PODS_ROOT}/Manifest.lock\" > /dev/null\nif [ $? != 0 ] ; then\n    # print error to STDERR\n    echo \"error: The sandbox is not in sync with the Podfile.lock. Run 'pod install' or update your CocoaPods installation.\" >&2\n    exit 1\nfi\n# This output is used by Xcode 'outputs' to avoid re-running this script phase.\necho \"SUCCESS\" > \"${SCRIPT_OUTPUT_FILE_0}\"\n";
			showEnvVarsInLog = 0;
		};
		A23F04E0E63468A9BEC88073 /* [CP] Check Pods Manifest.lock */ = {
			isa = PBXShellScriptBuildPhase;
			buildActionMask = 2147483647;
			files = (
			);
			inputFileListPaths = (
			);
			inputPaths = (
				"${PODS_PODFILE_DIR_PATH}/Podfile.lock",
				"${PODS_ROOT}/Manifest.lock",
			);
			name = "[CP] Check Pods Manifest.lock";
			outputFileListPaths = (
			);
			outputPaths = (
				"$(DERIVED_FILE_DIR)/Pods-iTag-checkManifestLockResult.txt",
			);
			runOnlyForDeploymentPostprocessing = 0;
			shellPath = /bin/sh;
			shellScript = "diff \"${PODS_PODFILE_DIR_PATH}/Podfile.lock\" \"${PODS_ROOT}/Manifest.lock\" > /dev/null\nif [ $? != 0 ] ; then\n    # print error to STDERR\n    echo \"error: The sandbox is not in sync with the Podfile.lock. Run 'pod install' or update your CocoaPods installation.\" >&2\n    exit 1\nfi\n# This output is used by Xcode 'outputs' to avoid re-running this script phase.\necho \"SUCCESS\" > \"${SCRIPT_OUTPUT_FILE_0}\"\n";
			showEnvVarsInLog = 0;
		};
		A34989F054988175FD640124 /* [CP] Embed Pods Frameworks */ = {
			isa = PBXShellScriptBuildPhase;
			buildActionMask = 2147483647;
			files = (
			);
			inputFileListPaths = (
				"${PODS_ROOT}/Target Support Files/Pods-iTag/Pods-iTag-frameworks-${CONFIGURATION}-input-files.xcfilelist",
			);
			name = "[CP] Embed Pods Frameworks";
			outputFileListPaths = (
				"${PODS_ROOT}/Target Support Files/Pods-iTag/Pods-iTag-frameworks-${CONFIGURATION}-output-files.xcfilelist",
			);
			runOnlyForDeploymentPostprocessing = 0;
			shellPath = /bin/sh;
			shellScript = "\"${PODS_ROOT}/Target Support Files/Pods-iTag/Pods-iTag-frameworks.sh\"\n";
			showEnvVarsInLog = 0;
		};
		BB5D5EC4D83445DE5F0E98FB /* [CP] Check Pods Manifest.lock */ = {
			isa = PBXShellScriptBuildPhase;
			buildActionMask = 2147483647;
			files = (
			);
			inputFileListPaths = (
			);
			inputPaths = (
				"${PODS_PODFILE_DIR_PATH}/Podfile.lock",
				"${PODS_ROOT}/Manifest.lock",
			);
			name = "[CP] Check Pods Manifest.lock";
			outputFileListPaths = (
			);
			outputPaths = (
				"$(DERIVED_FILE_DIR)/Pods-iTagTests-checkManifestLockResult.txt",
			);
			runOnlyForDeploymentPostprocessing = 0;
			shellPath = /bin/sh;
			shellScript = "diff \"${PODS_PODFILE_DIR_PATH}/Podfile.lock\" \"${PODS_ROOT}/Manifest.lock\" > /dev/null\nif [ $? != 0 ] ; then\n    # print error to STDERR\n    echo \"error: The sandbox is not in sync with the Podfile.lock. Run 'pod install' or update your CocoaPods installation.\" >&2\n    exit 1\nfi\n# This output is used by Xcode 'outputs' to avoid re-running this script phase.\necho \"SUCCESS\" > \"${SCRIPT_OUTPUT_FILE_0}\"\n";
			showEnvVarsInLog = 0;
		};
		D0BDF6769D2CB050B96018D4 /* [CP] Embed Pods Frameworks */ = {
			isa = PBXShellScriptBuildPhase;
			buildActionMask = 2147483647;
			files = (
			);
			inputFileListPaths = (
				"${PODS_ROOT}/Target Support Files/Pods-iTag-iTagUITests/Pods-iTag-iTagUITests-frameworks-${CONFIGURATION}-input-files.xcfilelist",
			);
			name = "[CP] Embed Pods Frameworks";
			outputFileListPaths = (
				"${PODS_ROOT}/Target Support Files/Pods-iTag-iTagUITests/Pods-iTag-iTagUITests-frameworks-${CONFIGURATION}-output-files.xcfilelist",
			);
			runOnlyForDeploymentPostprocessing = 0;
			shellPath = /bin/sh;
			shellScript = "\"${PODS_ROOT}/Target Support Files/Pods-iTag-iTagUITests/Pods-iTag-iTagUITests-frameworks.sh\"\n";
			showEnvVarsInLog = 0;
		};
/* End PBXShellScriptBuildPhase section */

/* Begin PBXSourcesBuildPhase section */
		18068657243E550A00EEE330 /* Sources */ = {
			isa = PBXSourcesBuildPhase;
			buildActionMask = 2147483647;
			files = (
				1B08638E246503CB00D1FCD8 /* Utilities.swift in Sources */,
				18068693243E88CE00EEE330 /* LoginViewController.swift in Sources */,
				1B086392246503F500D1FCD8 /* MessageLabel.swift in Sources */,
				1806865F243E550A00EEE330 /* AppDelegate.swift in Sources */,
				1B086390246503DD00D1FCD8 /* ArViewController.swift in Sources */,
				18068695243E88D700EEE330 /* FeedViewController.swift in Sources */,
				1874B2492442ABED0085D0FB /* MapViewController.swift in Sources */,
				18068663243E550A00EEE330 /* Experience.rcproject in Sources */,
			);
			runOnlyForDeploymentPostprocessing = 0;
		};
		1806866D243E550C00EEE330 /* Sources */ = {
			isa = PBXSourcesBuildPhase;
			buildActionMask = 2147483647;
			files = (
				18068676243E550C00EEE330 /* iTagTests.swift in Sources */,
			);
			runOnlyForDeploymentPostprocessing = 0;
		};
		18068678243E550C00EEE330 /* Sources */ = {
			isa = PBXSourcesBuildPhase;
			buildActionMask = 2147483647;
			files = (
				18068681243E550C00EEE330 /* iTagUITests.swift in Sources */,
			);
			runOnlyForDeploymentPostprocessing = 0;
		};
/* End PBXSourcesBuildPhase section */

/* Begin PBXTargetDependency section */
		18068673243E550C00EEE330 /* PBXTargetDependency */ = {
			isa = PBXTargetDependency;
			target = 1806865A243E550A00EEE330 /* iTag */;
			targetProxy = 18068672243E550C00EEE330 /* PBXContainerItemProxy */;
		};
		1806867E243E550C00EEE330 /* PBXTargetDependency */ = {
			isa = PBXTargetDependency;
			target = 1806865A243E550A00EEE330 /* iTag */;
			targetProxy = 1806867D243E550C00EEE330 /* PBXContainerItemProxy */;
		};
/* End PBXTargetDependency section */

/* Begin PBXVariantGroup section */
		18068664243E550A00EEE330 /* Main.storyboard */ = {
			isa = PBXVariantGroup;
			children = (
				18068665243E550A00EEE330 /* Base */,
			);
			name = Main.storyboard;
			sourceTree = "<group>";
		};
		18068669243E550C00EEE330 /* LaunchScreen.storyboard */ = {
			isa = PBXVariantGroup;
			children = (
				1806866A243E550C00EEE330 /* Base */,
			);
			name = LaunchScreen.storyboard;
			sourceTree = "<group>";
		};
/* End PBXVariantGroup section */

/* Begin XCBuildConfiguration section */
		18068683243E550C00EEE330 /* Debug */ = {
			isa = XCBuildConfiguration;
			buildSettings = {
				ALWAYS_SEARCH_USER_PATHS = NO;
				CLANG_ANALYZER_NONNULL = YES;
				CLANG_ANALYZER_NUMBER_OBJECT_CONVERSION = YES_AGGRESSIVE;
				CLANG_CXX_LANGUAGE_STANDARD = "gnu++14";
				CLANG_CXX_LIBRARY = "libc++";
				CLANG_ENABLE_MODULES = YES;
				CLANG_ENABLE_OBJC_ARC = YES;
				CLANG_ENABLE_OBJC_WEAK = YES;
				CLANG_WARN_BLOCK_CAPTURE_AUTORELEASING = YES;
				CLANG_WARN_BOOL_CONVERSION = YES;
				CLANG_WARN_COMMA = YES;
				CLANG_WARN_CONSTANT_CONVERSION = YES;
				CLANG_WARN_DEPRECATED_OBJC_IMPLEMENTATIONS = YES;
				CLANG_WARN_DIRECT_OBJC_ISA_USAGE = YES_ERROR;
				CLANG_WARN_DOCUMENTATION_COMMENTS = YES;
				CLANG_WARN_EMPTY_BODY = YES;
				CLANG_WARN_ENUM_CONVERSION = YES;
				CLANG_WARN_INFINITE_RECURSION = YES;
				CLANG_WARN_INT_CONVERSION = YES;
				CLANG_WARN_NON_LITERAL_NULL_CONVERSION = YES;
				CLANG_WARN_OBJC_IMPLICIT_RETAIN_SELF = YES;
				CLANG_WARN_OBJC_LITERAL_CONVERSION = YES;
				CLANG_WARN_OBJC_ROOT_CLASS = YES_ERROR;
				CLANG_WARN_RANGE_LOOP_ANALYSIS = YES;
				CLANG_WARN_STRICT_PROTOTYPES = YES;
				CLANG_WARN_SUSPICIOUS_MOVE = YES;
				CLANG_WARN_UNGUARDED_AVAILABILITY = YES_AGGRESSIVE;
				CLANG_WARN_UNREACHABLE_CODE = YES;
				CLANG_WARN__DUPLICATE_METHOD_MATCH = YES;
				COPY_PHASE_STRIP = NO;
				DEBUG_INFORMATION_FORMAT = dwarf;
				ENABLE_STRICT_OBJC_MSGSEND = YES;
				ENABLE_TESTABILITY = YES;
				GCC_C_LANGUAGE_STANDARD = gnu11;
				GCC_DYNAMIC_NO_PIC = NO;
				GCC_NO_COMMON_BLOCKS = YES;
				GCC_OPTIMIZATION_LEVEL = 0;
				GCC_PREPROCESSOR_DEFINITIONS = (
					"DEBUG=1",
					"$(inherited)",
				);
				GCC_WARN_64_TO_32_BIT_CONVERSION = YES;
				GCC_WARN_ABOUT_RETURN_TYPE = YES_ERROR;
				GCC_WARN_UNDECLARED_SELECTOR = YES;
				GCC_WARN_UNINITIALIZED_AUTOS = YES_AGGRESSIVE;
				GCC_WARN_UNUSED_FUNCTION = YES;
				GCC_WARN_UNUSED_VARIABLE = YES;
				IPHONEOS_DEPLOYMENT_TARGET = 13.2;
				MTL_ENABLE_DEBUG_INFO = INCLUDE_SOURCE;
				MTL_FAST_MATH = YES;
				ONLY_ACTIVE_ARCH = YES;
				SDKROOT = iphoneos;
				SWIFT_ACTIVE_COMPILATION_CONDITIONS = DEBUG;
				SWIFT_OPTIMIZATION_LEVEL = "-Onone";
			};
			name = Debug;
		};
		18068684243E550C00EEE330 /* Release */ = {
			isa = XCBuildConfiguration;
			buildSettings = {
				ALWAYS_SEARCH_USER_PATHS = NO;
				CLANG_ANALYZER_NONNULL = YES;
				CLANG_ANALYZER_NUMBER_OBJECT_CONVERSION = YES_AGGRESSIVE;
				CLANG_CXX_LANGUAGE_STANDARD = "gnu++14";
				CLANG_CXX_LIBRARY = "libc++";
				CLANG_ENABLE_MODULES = YES;
				CLANG_ENABLE_OBJC_ARC = YES;
				CLANG_ENABLE_OBJC_WEAK = YES;
				CLANG_WARN_BLOCK_CAPTURE_AUTORELEASING = YES;
				CLANG_WARN_BOOL_CONVERSION = YES;
				CLANG_WARN_COMMA = YES;
				CLANG_WARN_CONSTANT_CONVERSION = YES;
				CLANG_WARN_DEPRECATED_OBJC_IMPLEMENTATIONS = YES;
				CLANG_WARN_DIRECT_OBJC_ISA_USAGE = YES_ERROR;
				CLANG_WARN_DOCUMENTATION_COMMENTS = YES;
				CLANG_WARN_EMPTY_BODY = YES;
				CLANG_WARN_ENUM_CONVERSION = YES;
				CLANG_WARN_INFINITE_RECURSION = YES;
				CLANG_WARN_INT_CONVERSION = YES;
				CLANG_WARN_NON_LITERAL_NULL_CONVERSION = YES;
				CLANG_WARN_OBJC_IMPLICIT_RETAIN_SELF = YES;
				CLANG_WARN_OBJC_LITERAL_CONVERSION = YES;
				CLANG_WARN_OBJC_ROOT_CLASS = YES_ERROR;
				CLANG_WARN_RANGE_LOOP_ANALYSIS = YES;
				CLANG_WARN_STRICT_PROTOTYPES = YES;
				CLANG_WARN_SUSPICIOUS_MOVE = YES;
				CLANG_WARN_UNGUARDED_AVAILABILITY = YES_AGGRESSIVE;
				CLANG_WARN_UNREACHABLE_CODE = YES;
				CLANG_WARN__DUPLICATE_METHOD_MATCH = YES;
				COPY_PHASE_STRIP = NO;
				DEBUG_INFORMATION_FORMAT = "dwarf-with-dsym";
				ENABLE_NS_ASSERTIONS = NO;
				ENABLE_STRICT_OBJC_MSGSEND = YES;
				GCC_C_LANGUAGE_STANDARD = gnu11;
				GCC_NO_COMMON_BLOCKS = YES;
				GCC_WARN_64_TO_32_BIT_CONVERSION = YES;
				GCC_WARN_ABOUT_RETURN_TYPE = YES_ERROR;
				GCC_WARN_UNDECLARED_SELECTOR = YES;
				GCC_WARN_UNINITIALIZED_AUTOS = YES_AGGRESSIVE;
				GCC_WARN_UNUSED_FUNCTION = YES;
				GCC_WARN_UNUSED_VARIABLE = YES;
				IPHONEOS_DEPLOYMENT_TARGET = 13.2;
				MTL_ENABLE_DEBUG_INFO = NO;
				MTL_FAST_MATH = YES;
				SDKROOT = iphoneos;
				SWIFT_COMPILATION_MODE = wholemodule;
				SWIFT_OPTIMIZATION_LEVEL = "-O";
				VALIDATE_PRODUCT = YES;
			};
			name = Release;
		};
		18068686243E550C00EEE330 /* Debug */ = {
			isa = XCBuildConfiguration;
			baseConfigurationReference = C4CD54787F4F8D67D1501DCA /* Pods-iTag.debug.xcconfig */;
			buildSettings = {
				ASSETCATALOG_COMPILER_APPICON_NAME = AppIcon;
				CODE_SIGN_STYLE = Automatic;
				DEVELOPMENT_TEAM = 663PWPX6F6;
				INFOPLIST_FILE = iTag/Info.plist;
				LD_RUNPATH_SEARCH_PATHS = (
					"$(inherited)",
					"@executable_path/Frameworks",
				);
				PRODUCT_BUNDLE_IDENTIFIER = d.iTag;
				PRODUCT_NAME = "$(TARGET_NAME)";
				SWIFT_VERSION = 5.0;
				TARGETED_DEVICE_FAMILY = "1,2";
			};
			name = Debug;
		};
		18068687243E550C00EEE330 /* Release */ = {
			isa = XCBuildConfiguration;
			baseConfigurationReference = 04285DC368C8E75A3F761B5F /* Pods-iTag.release.xcconfig */;
			buildSettings = {
				ASSETCATALOG_COMPILER_APPICON_NAME = AppIcon;
				CODE_SIGN_STYLE = Automatic;
				DEVELOPMENT_TEAM = 663PWPX6F6;
				INFOPLIST_FILE = iTag/Info.plist;
				LD_RUNPATH_SEARCH_PATHS = (
					"$(inherited)",
					"@executable_path/Frameworks",
				);
				PRODUCT_BUNDLE_IDENTIFIER = d.iTag;
				PRODUCT_NAME = "$(TARGET_NAME)";
				SWIFT_VERSION = 5.0;
				TARGETED_DEVICE_FAMILY = "1,2";
			};
			name = Release;
		};
		18068689243E550C00EEE330 /* Debug */ = {
			isa = XCBuildConfiguration;
			baseConfigurationReference = 96B0F16EB3C47EF78484A136 /* Pods-iTagTests.debug.xcconfig */;
			buildSettings = {
				ALWAYS_EMBED_SWIFT_STANDARD_LIBRARIES = YES;
				BUNDLE_LOADER = "$(TEST_HOST)";
				CODE_SIGN_STYLE = Automatic;
				INFOPLIST_FILE = iTagTests/Info.plist;
				IPHONEOS_DEPLOYMENT_TARGET = 13.2;
				LD_RUNPATH_SEARCH_PATHS = (
					"$(inherited)",
					"@executable_path/Frameworks",
					"@loader_path/Frameworks",
				);
				PRODUCT_BUNDLE_IDENTIFIER = d.iTagTests;
				PRODUCT_NAME = "$(TARGET_NAME)";
				SWIFT_VERSION = 5.0;
				TARGETED_DEVICE_FAMILY = "1,2";
				TEST_HOST = "$(BUILT_PRODUCTS_DIR)/iTag.app/iTag";
			};
			name = Debug;
		};
		1806868A243E550C00EEE330 /* Release */ = {
			isa = XCBuildConfiguration;
			baseConfigurationReference = 66D9418D41C4A685F3CF7350 /* Pods-iTagTests.release.xcconfig */;
			buildSettings = {
				ALWAYS_EMBED_SWIFT_STANDARD_LIBRARIES = YES;
				BUNDLE_LOADER = "$(TEST_HOST)";
				CODE_SIGN_STYLE = Automatic;
				INFOPLIST_FILE = iTagTests/Info.plist;
				IPHONEOS_DEPLOYMENT_TARGET = 13.2;
				LD_RUNPATH_SEARCH_PATHS = (
					"$(inherited)",
					"@executable_path/Frameworks",
					"@loader_path/Frameworks",
				);
				PRODUCT_BUNDLE_IDENTIFIER = d.iTagTests;
				PRODUCT_NAME = "$(TARGET_NAME)";
				SWIFT_VERSION = 5.0;
				TARGETED_DEVICE_FAMILY = "1,2";
				TEST_HOST = "$(BUILT_PRODUCTS_DIR)/iTag.app/iTag";
			};
			name = Release;
		};
		1806868C243E550C00EEE330 /* Debug */ = {
			isa = XCBuildConfiguration;
			baseConfigurationReference = F1E6F9A6D8F691E88E0ABDF3 /* Pods-iTag-iTagUITests.debug.xcconfig */;
			buildSettings = {
				ALWAYS_EMBED_SWIFT_STANDARD_LIBRARIES = YES;
				CODE_SIGN_STYLE = Automatic;
				INFOPLIST_FILE = iTagUITests/Info.plist;
				LD_RUNPATH_SEARCH_PATHS = (
					"$(inherited)",
					"@executable_path/Frameworks",
					"@loader_path/Frameworks",
				);
				PRODUCT_BUNDLE_IDENTIFIER = d.iTagUITests;
				PRODUCT_NAME = "$(TARGET_NAME)";
				SWIFT_VERSION = 5.0;
				TARGETED_DEVICE_FAMILY = "1,2";
				TEST_TARGET_NAME = iTag;
			};
			name = Debug;
		};
		1806868D243E550C00EEE330 /* Release */ = {
			isa = XCBuildConfiguration;
			baseConfigurationReference = BBA9A5733FF8AC9B6D76BC47 /* Pods-iTag-iTagUITests.release.xcconfig */;
			buildSettings = {
				ALWAYS_EMBED_SWIFT_STANDARD_LIBRARIES = YES;
				CODE_SIGN_STYLE = Automatic;
				INFOPLIST_FILE = iTagUITests/Info.plist;
				LD_RUNPATH_SEARCH_PATHS = (
					"$(inherited)",
					"@executable_path/Frameworks",
					"@loader_path/Frameworks",
				);
				PRODUCT_BUNDLE_IDENTIFIER = d.iTagUITests;
				PRODUCT_NAME = "$(TARGET_NAME)";
				SWIFT_VERSION = 5.0;
				TARGETED_DEVICE_FAMILY = "1,2";
				TEST_TARGET_NAME = iTag;
			};
			name = Release;
		};
/* End XCBuildConfiguration section */

/* Begin XCConfigurationList section */
		18068656243E550A00EEE330 /* Build configuration list for PBXProject "iTag" */ = {
			isa = XCConfigurationList;
			buildConfigurations = (
				18068683243E550C00EEE330 /* Debug */,
				18068684243E550C00EEE330 /* Release */,
			);
			defaultConfigurationIsVisible = 0;
			defaultConfigurationName = Release;
		};
		18068685243E550C00EEE330 /* Build configuration list for PBXNativeTarget "iTag" */ = {
			isa = XCConfigurationList;
			buildConfigurations = (
				18068686243E550C00EEE330 /* Debug */,
				18068687243E550C00EEE330 /* Release */,
			);
			defaultConfigurationIsVisible = 0;
			defaultConfigurationName = Release;
		};
		18068688243E550C00EEE330 /* Build configuration list for PBXNativeTarget "iTagTests" */ = {
			isa = XCConfigurationList;
			buildConfigurations = (
				18068689243E550C00EEE330 /* Debug */,
				1806868A243E550C00EEE330 /* Release */,
			);
			defaultConfigurationIsVisible = 0;
			defaultConfigurationName = Release;
		};
		1806868B243E550C00EEE330 /* Build configuration list for PBXNativeTarget "iTagUITests" */ = {
			isa = XCConfigurationList;
			buildConfigurations = (
				1806868C243E550C00EEE330 /* Debug */,
				1806868D243E550C00EEE330 /* Release */,
			);
			defaultConfigurationIsVisible = 0;
			defaultConfigurationName = Release;
		};
/* End XCConfigurationList section */
	};
	rootObject = 18068653243E550A00EEE330 /* Project object */;
}
